# This file is automatically @generated by Cargo.
# It is not intended for manual editing.
version = 3

[[package]]
name = "detached-str"
version = "0.1.0"
source = "registry+https://github.com/rust-lang/crates.io-index"
checksum = "fc5c511efd5e4142f1f9ab7b2b667eb24b411c0223b1520f82454ef26e5bbf74"

[[package]]
name = "x004"
version = "0.1.0"
dependencies = [
 "detached-str",
]
